
Microsoft Visual Studio Solution File, Format Version 12.00
# Visual Studio Version 16
VisualStudioVersion = 16.0.29609.76
MinimumVisualStudioVersion = 10.0.40219.1
Project("{FAE04EC0-301F-11D3-BF4B-00C04F79EFBC}") = "Core.NN", "Core.NN.csproj", "{3914A328-0AF3-4188-9D99-80ECE4FEA933}"
EndProject
Global
	GlobalSection(SolutionConfigurationPlatforms) = preSolution
		Debug|Any CPU = Debug|Any CPU
		Release|Any CPU = Release|Any CPU
	EndGlobalSection
	GlobalSection(ProjectConfigurationPlatforms) = postSolution
		{3914A328-0AF3-4188-9D99-80ECE4FEA933}.Debug|Any CPU.ActiveCfg = Debug|Any CPU
		{3914A328-0AF3-4188-9D99-80ECE4FEA933}.Debug|Any CPU.Build.0 = Debug|Any CPU
		{3914A328-0AF3-4188-9D99-80ECE4FEA933}.Release|Any CPU.ActiveCfg = Release|Any CPU
		{3914A328-0AF3-4188-9D99-80ECE4FEA933}.Release|Any CPU.Build.0 = Release|Any CPU
	EndGlobalSection
	GlobalSection(SolutionProperties) = preSolution
		HideSolutionNode = FALSE
	EndGlobalSection
	GlobalSection(ExtensibilityGlobals) = postSolution
		SolutionGuid = {C3D761A8-A2A2-4BA5-B127-D0831CF5AA4D}
	EndGlobalSection
EndGlobal
